{
  "originHash" : "809d1cd4965c5210daf9a7d06954a9b7ba7bae76f122a2b08db52156caca25c5",
  "pins" : [
    {
      "identity" : "w3w-swift-core",
      "kind" : "remoteSourceControl",
      "location" : "https://github.com/what3words/w3w-swift-core.git",
      "state" : {
        "branch" : "staging",
        "revision" : "1e38676bf065d6c3411895fe2c47bab04c56bba0"
      }
    },
    {
      "identity" : "w3w-swift-design",
      "kind" : "remoteSourceControl",
      "location" : "https://github.com/what3words/w3w-swift-design.git",
      "state" : {
        "branch" : "staging",
        "revision" : "093a87c7998ae4833eaa0df9e44b80d6a52b19b7"
      }
    },
    {
      "identity" : "w3w-swift-design-swiftui",
      "kind" : "remoteSourceControl",
      "location" : "https://github.com/what3words/w3w-swift-design-swiftui.git",
      "state" : {
        "branch" : "dev/v5.6.0",
        "revision" : "cfab6fefc5b39d5437937c18ec3d7e137d2c8ae8"
      }
    },
    {
      "identity" : "w3w-swift-themes",
      "kind" : "remoteSourceControl",
      "location" : "https://github.com/what3words/w3w-swift-themes.git",
      "state" : {
        "revision" : "86035dcf1cf9ce5be7dc0a1a761fb5561b795b2c",
        "version" : "1.3.0"
      }
    }
  ],
  "version" : 3
}
