{
  "originHash" : "ca96af316a5f503eb4c5393a77a1cbfbd14f7eb6ff0eae4f5adab6a496c5b940",
  "pins" : [
    {
      "identity" : "w3w-swift-core",
      "kind" : "remoteSourceControl",
      "location" : "https://github.com/what3words/w3w-swift-core.git",
      "state" : {
        "branch" : "staging",
        "revision" : "1e38676bf065d6c3411895fe2c47bab04c56bba0"
      }
    },
    {
      "identity" : "w3w-swift-design",
      "kind" : "remoteSourceControl",
      "location" : "https://github.com/what3words/w3w-swift-design.git",
      "state" : {
        "branch" : "staging",
        "revision" : "093a87c7998ae4833eaa0df9e44b80d6a52b19b7"
      }
    },
    {
      "identity" : "w3w-swift-design-swiftui",
      "kind" : "remoteSourceControl",
      "location" : "https://github.com/what3words/w3w-swift-design-swiftui.git",
      "state" : {
        "branch" : "dev/v5.6.0",
        "revision" : "cfab6fefc5b39d5437937c18ec3d7e137d2c8ae8"
      }
    },
    {
      "identity" : "w3w-swift-themes",
      "kind" : "remoteSourceControl",
      "location" : "https://github.com/what3words/w3w-swift-themes.git",
      "state" : {
        "branch" : "staging",
        "revision" : "9371b0319c86a4432421f6c6100c2c2eb01740dc"
      }
    }
  ],
  "version" : 3
}
